// !$*UTF8*$!
{
	archiveVersion = 1;
	classes = {
	};
	objectVersion = 51;
	objects = {

/* Begin PBXBuildFile section */
		31611A0226DF10F80007DDA9 /* AppDelegate.swift in Sources */ = {isa = PBXBuildFile; fileRef = 31611A0126DF10F80007DDA9 /* AppDelegate.swift */; };
		31611A0426DF10F80007DDA9 /* SceneDelegate.swift in Sources */ = {isa = PBXBuildFile; fileRef = 31611A0326DF10F80007DDA9 /* SceneDelegate.swift */; };
		31611A0626DF10F80007DDA9 /* ViewController.swift in Sources */ = {isa = PBXBuildFile; fileRef = 31611A0526DF10F80007DDA9 /* ViewController.swift */; };
		31611A0926DF10F80007DDA9 /* Main.storyboard in Resources */ = {isa = PBXBuildFile; fileRef = 31611A0726DF10F80007DDA9 /* Main.storyboard */; };
		31611A0B26DF10FA0007DDA9 /* Assets.xcassets in Resources */ = {isa = PBXBuildFile; fileRef = 31611A0A26DF10FA0007DDA9 /* Assets.xcassets */; };
		31611A0E26DF10FA0007DDA9 /* LaunchScreen.storyboard in Resources */ = {isa = PBXBuildFile; fileRef = 31611A0C26DF10FA0007DDA9 /* LaunchScreen.storyboard */; };
		31611A1626DF12D90007DDA9 /* PromiseKitViewController.swift in Sources */ = {isa = PBXBuildFile; fileRef = 31611A1526DF12D90007DDA9 /* PromiseKitViewController.swift */; };
		31611A1926DF23770007DDA9 /* JokeService.swift in Sources */ = {isa = PBXBuildFile; fileRef = 31611A1826DF23770007DDA9 /* JokeService.swift */; };
		9C501758E6F18649FB01FBD6 /* Pods_GeneralDemo.framework in Frameworks */ = {isa = PBXBuildFile; fileRef = 57160BCB61480D7D1AA7CCE7 /* Pods_GeneralDemo.framework */; };
		DAB5472A26E46C6C00350198 /* UITextViewPlaceholderViewController.swift in Sources */ = {isa = PBXBuildFile; fileRef = DAB5472926E46C6C00350198 /* UITextViewPlaceholderViewController.swift */; };
/* End PBXBuildFile section */

/* Begin PBXFileReference section */
		316119FE26DF10F80007DDA9 /* GeneralDemo.app */ = {isa = PBXFileReference; explicitFileType = wrapper.application; includeInIndex = 0; path = GeneralDemo.app; sourceTree = BUILT_PRODUCTS_DIR; };
		31611A0126DF10F80007DDA9 /* AppDelegate.swift */ = {isa = PBXFileReference; lastKnownFileType = sourcecode.swift; path = AppDelegate.swift; sourceTree = "<group>"; };
		31611A0326DF10F80007DDA9 /* SceneDelegate.swift */ = {isa = PBXFileReference; lastKnownFileType = sourcecode.swift; path = SceneDelegate.swift; sourceTree = "<group>"; };
		31611A0526DF10F80007DDA9 /* ViewController.swift */ = {isa = PBXFileReference; lastKnownFileType = sourcecode.swift; path = ViewController.swift; sourceTree = "<group>"; };
		31611A0826DF10F80007DDA9 /* Base */ = {isa = PBXFileReference; lastKnownFileType = file.storyboard; name = Base; path = Base.lproj/Main.storyboard; sourceTree = "<group>"; };
		31611A0A26DF10FA0007DDA9 /* Assets.xcassets */ = {isa = PBXFileReference; lastKnownFileType = folder.assetcatalog; path = Assets.xcassets; sourceTree = "<group>"; };
		31611A0D26DF10FA0007DDA9 /* Base */ = {isa = PBXFileReference; lastKnownFileType = file.storyboard; name = Base; path = Base.lproj/LaunchScreen.storyboard; sourceTree = "<group>"; };
		31611A0F26DF10FA0007DDA9 /* Info.plist */ = {isa = PBXFileReference; lastKnownFileType = text.plist.xml; path = Info.plist; sourceTree = "<group>"; };
		31611A1526DF12D90007DDA9 /* PromiseKitViewController.swift */ = {isa = PBXFileReference; lastKnownFileType = sourcecode.swift; path = PromiseKitViewController.swift; sourceTree = "<group>"; };
		31611A1826DF23770007DDA9 /* JokeService.swift */ = {isa = PBXFileReference; lastKnownFileType = sourcecode.swift; path = JokeService.swift; sourceTree = "<group>"; };
		49B7FFEDF40F2E7608DEAAAD /* Pods-GeneralDemo.release.xcconfig */ = {isa = PBXFileReference; includeInIndex = 1; lastKnownFileType = text.xcconfig; name = "Pods-GeneralDemo.release.xcconfig"; path = "Target Support Files/Pods-GeneralDemo/Pods-GeneralDemo.release.xcconfig"; sourceTree = "<group>"; };
		57160BCB61480D7D1AA7CCE7 /* Pods_GeneralDemo.framework */ = {isa = PBXFileReference; explicitFileType = wrapper.framework; includeInIndex = 0; path = Pods_GeneralDemo.framework; sourceTree = BUILT_PRODUCTS_DIR; };
		C6C751733019D7533758611F /* Pods-GeneralDemo.debug.xcconfig */ = {isa = PBXFileReference; includeInIndex = 1; lastKnownFileType = text.xcconfig; name = "Pods-GeneralDemo.debug.xcconfig"; path = "Target Support Files/Pods-GeneralDemo/Pods-GeneralDemo.debug.xcconfig"; sourceTree = "<group>"; };
		DAB5472926E46C6C00350198 /* UITextViewPlaceholderViewController.swift */ = {isa = PBXFileReference; lastKnownFileType = sourcecode.swift; path = UITextViewPlaceholderViewController.swift; sourceTree = "<group>"; };
/* End PBXFileReference section */

/* Begin PBXFrameworksBuildPhase section */
		316119FB26DF10F80007DDA9 /* Frameworks */ = {
			isa = PBXFrameworksBuildPhase;
			buildActionMask = 2147483647;
			files = (
				9C501758E6F18649FB01FBD6 /* Pods_GeneralDemo.framework in Frameworks */,
			);
			runOnlyForDeploymentPostprocessing = 0;
		};
/* End PBXFrameworksBuildPhase section */

/* Begin PBXGroup section */
		095F773744BEAE4BA7609F8B /* Pods */ = {
			isa = PBXGroup;
			children = (
				C6C751733019D7533758611F /* Pods-GeneralDemo.debug.xcconfig */,
				49B7FFEDF40F2E7608DEAAAD /* Pods-GeneralDemo.release.xcconfig */,
			);
			path = Pods;
			sourceTree = "<group>";
		};
		316119F526DF10F80007DDA9 = {
			isa = PBXGroup;
			children = (
				31611A0026DF10F80007DDA9 /* GeneralDemo */,
				316119FF26DF10F80007DDA9 /* Products */,
				095F773744BEAE4BA7609F8B /* Pods */,
				81F5BAF5CFE6048751A6A4D7 /* Frameworks */,
			);
			sourceTree = "<group>";
		};
		316119FF26DF10F80007DDA9 /* Products */ = {
			isa = PBXGroup;
			children = (
				316119FE26DF10F80007DDA9 /* GeneralDemo.app */,
			);
			name = Products;
			sourceTree = "<group>";
		};
		31611A0026DF10F80007DDA9 /* GeneralDemo */ = {
			isa = PBXGroup;
			children = (
				DAB5472826E46C5300350198 /* UITextviewPlaceHolder */,
				31611A1726DF235E0007DDA9 /* PromiseKit */,
				31611A0126DF10F80007DDA9 /* AppDelegate.swift */,
				31611A0326DF10F80007DDA9 /* SceneDelegate.swift */,
				31611A0526DF10F80007DDA9 /* ViewController.swift */,
				31611A0726DF10F80007DDA9 /* Main.storyboard */,
				31611A0A26DF10FA0007DDA9 /* Assets.xcassets */,
				31611A0C26DF10FA0007DDA9 /* LaunchScreen.storyboard */,
				31611A0F26DF10FA0007DDA9 /* Info.plist */,
			);
			path = GeneralDemo;
			sourceTree = "<group>";
		};
		31611A1726DF235E0007DDA9 /* PromiseKit */ = {
			isa = PBXGroup;
			children = (
				31611A1526DF12D90007DDA9 /* PromiseKitViewController.swift */,
				31611A1826DF23770007DDA9 /* JokeService.swift */,
			);
			path = PromiseKit;
			sourceTree = "<group>";
		};
		81F5BAF5CFE6048751A6A4D7 /* Frameworks */ = {
			isa = PBXGroup;
			children = (
				57160BCB61480D7D1AA7CCE7 /* Pods_GeneralDemo.framework */,
			);
			name = Frameworks;
			sourceTree = "<group>";
		};
		DAB5472826E46C5300350198 /* UITextviewPlaceHolder */ = {
			isa = PBXGroup;
			children = (
				DAB5472926E46C6C00350198 /* UITextViewPlaceholderViewController.swift */,
			);
			path = UITextviewPlaceHolder;
			sourceTree = "<group>";
		};
/* End PBXGroup section */

/* Begin PBXNativeTarget section */
		316119FD26DF10F80007DDA9 /* GeneralDemo */ = {
			isa = PBXNativeTarget;
			buildConfigurationList = 31611A1226DF10FA0007DDA9 /* Build configuration list for PBXNativeTarget "GeneralDemo" */;
			buildPhases = (
				50D57F65CF3CA47F33DA8438 /* [CP] Check Pods Manifest.lock */,
				316119FA26DF10F80007DDA9 /* Sources */,
				316119FB26DF10F80007DDA9 /* Frameworks */,
				316119FC26DF10F80007DDA9 /* Resources */,
				E27144BADFFA9A59DB630C48 /* [CP] Embed Pods Frameworks */,
			);
			buildRules = (
			);
			dependencies = (
			);
			name = GeneralDemo;
			productName = GeneralDemo;
			productReference = 316119FE26DF10F80007DDA9 /* GeneralDemo.app */;
			productType = "com.apple.product-type.application";
		};
/* End PBXNativeTarget section */

/* Begin PBXProject section */
		316119F626DF10F80007DDA9 /* Project object */ = {
			isa = PBXProject;
			attributes = {
				LastSwiftUpdateCheck = 1250;
				LastUpgradeCheck = 1250;
				TargetAttributes = {
					316119FD26DF10F80007DDA9 = {
						CreatedOnToolsVersion = 12.5.1;
					};
				};
			};
			buildConfigurationList = 316119F926DF10F80007DDA9 /* Build configuration list for PBXProject "GeneralDemo" */;
			compatibilityVersion = "Xcode 9.3";
			developmentRegion = en;
			hasScannedForEncodings = 0;
			knownRegions = (
				en,
				Base,
			);
			mainGroup = 316119F526DF10F80007DDA9;
			productRefGroup = 316119FF26DF10F80007DDA9 /* Products */;
			projectDirPath = "";
			projectRoot = "";
			targets = (
				316119FD26DF10F80007DDA9 /* GeneralDemo */,
			);
		};
/* End PBXProject section */

/* Begin PBXResourcesBuildPhase section */
		316119FC26DF10F80007DDA9 /* Resources */ = {
			isa = PBXResourcesBuildPhase;
			buildActionMask = 2147483647;
			files = (
				31611A0E26DF10FA0007DDA9 /* LaunchScreen.storyboard in Resources */,
				31611A0B26DF10FA0007DDA9 /* Assets.xcassets in Resources */,
				31611A0926DF10F80007DDA9 /* Main.storyboard in Resources */,
			);
			runOnlyForDeploymentPostprocessing = 0;
		};
/* End PBXResourcesBuildPhase section */

/* Begin PBXShellScriptBuildPhase section */
		50D57F65CF3CA47F33DA8438 /* [CP] Check Pods Manifest.lock */ = {
			isa = PBXShellScriptBuildPhase;
			buildActionMask = 2147483647;
			files = (
			);
			inputFileListPaths = (
			);
			inputPaths = (
				"${PODS_PODFILE_DIR_PATH}/Podfile.lock",
				"${PODS_ROOT}/Manifest.lock",
			);
			name = "[CP] Check Pods Manifest.lock";
			outputFileListPaths = (
			);
			outputPaths = (
				"$(DERIVED_FILE_DIR)/Pods-GeneralDemo-checkManifestLockResult.txt",
			);
			runOnlyForDeploymentPostprocessing = 0;
			shellPath = /bin/sh;
			shellScript = "diff \"${PODS_PODFILE_DIR_PATH}/Podfile.lock\" \"${PODS_ROOT}/Manifest.lock\" > /dev/null\nif [ $? != 0 ] ; then\n    # print error to STDERR\n    echo \"error: The sandbox is not in sync with the Podfile.lock. Run 'pod install' or update your CocoaPods installation.\" >&2\n    exit 1\nfi\n# This output is used by Xcode 'outputs' to avoid re-running this script phase.\necho \"SUCCESS\" > \"${SCRIPT_OUTPUT_FILE_0}\"\n";
			showEnvVarsInLog = 0;
		};
		E27144BADFFA9A59DB630C48 /* [CP] Embed Pods Frameworks */ = {
			isa = PBXShellScriptBuildPhase;
			buildActionMask = 2147483647;
			files = (
			);
			inputFileListPaths = (
				"${PODS_ROOT}/Target Support Files/Pods-GeneralDemo/Pods-GeneralDemo-frameworks-${CONFIGURATION}-input-files.xcfilelist",
			);
			name = "[CP] Embed Pods Frameworks";
			outputFileListPaths = (
				"${PODS_ROOT}/Target Support Files/Pods-GeneralDemo/Pods-GeneralDemo-frameworks-${CONFIGURATION}-output-files.xcfilelist",
			);
			runOnlyForDeploymentPostprocessing = 0;
			shellPath = /bin/sh;
			shellScript = "\"${PODS_ROOT}/Target Support Files/Pods-GeneralDemo/Pods-GeneralDemo-frameworks.sh\"\n";
			showEnvVarsInLog = 0;
		};
/* End PBXShellScriptBuildPhase section */

/* Begin PBXSourcesBuildPhase section */
		316119FA26DF10F80007DDA9 /* Sources */ = {
			isa = PBXSourcesBuildPhase;
			buildActionMask = 2147483647;
			files = (
				DAB5472A26E46C6C00350198 /* UITextViewPlaceholderViewController.swift in Sources */,
				31611A0626DF10F80007DDA9 /* ViewController.swift in Sources */,
				31611A0226DF10F80007DDA9 /* AppDelegate.swift in Sources */,
				31611A0426DF10F80007DDA9 /* SceneDelegate.swift in Sources */,
				31611A1926DF23770007DDA9 /* JokeService.swift in Sources */,
				31611A1626DF12D90007DDA9 /* PromiseKitViewController.swift in Sources */,
			);
			runOnlyForDeploymentPostprocessing = 0;
		};
/* End PBXSourcesBuildPhase section */

/* Begin PBXVariantGroup section */
		31611A0726DF10F80007DDA9 /* Main.storyboard */ = {
			isa = PBXVariantGroup;
			children = (
				31611A0826DF10F80007DDA9 /* Base */,
			);
			name = Main.storyboard;
			sourceTree = "<group>";
		};
		31611A0C26DF10FA0007DDA9 /* LaunchScreen.storyboard */ = {
			isa = PBXVariantGroup;
			children = (
				31611A0D26DF10FA0007DDA9 /* Base */,
			);
			name = LaunchScreen.storyboard;
			sourceTree = "<group>";
		};
/* End PBXVariantGroup section */

/* Begin XCBuildConfiguration section */
		31611A1026DF10FA0007DDA9 /* Debug */ = {
			isa = XCBuildConfiguration;
			buildSettings = {
				ALWAYS_SEARCH_USER_PATHS = NO;
				CLANG_ANALYZER_NONNULL = YES;
				CLANG_ANALYZER_NUMBER_OBJECT_CONVERSION = YES_AGGRESSIVE;
				CLANG_CXX_LANGUAGE_STANDARD = "gnu++14";
				CLANG_CXX_LIBRARY = "libc++";
				CLANG_ENABLE_MODULES = YES;
				CLANG_ENABLE_OBJC_ARC = YES;
				CLANG_ENABLE_OBJC_WEAK = YES;
				CLANG_WARN_BLOCK_CAPTURE_AUTORELEASING = YES;
				CLANG_WARN_BOOL_CONVERSION = YES;
				CLANG_WARN_COMMA = YES;
				CLANG_WARN_CONSTANT_CONVERSION = YES;
				CLANG_WARN_DEPRECATED_OBJC_IMPLEMENTATIONS = YES;
				CLANG_WARN_DIRECT_OBJC_ISA_USAGE = YES_ERROR;
				CLANG_WARN_DOCUMENTATION_COMMENTS = YES;
				CLANG_WARN_EMPTY_BODY = YES;
				CLANG_WARN_ENUM_CONVERSION = YES;
				CLANG_WARN_INFINITE_RECURSION = YES;
				CLANG_WARN_INT_CONVERSION = YES;
				CLANG_WARN_NON_LITERAL_NULL_CONVERSION = YES;
				CLANG_WARN_OBJC_IMPLICIT_RETAIN_SELF = YES;
				CLANG_WARN_OBJC_LITERAL_CONVERSION = YES;
				CLANG_WARN_OBJC_ROOT_CLASS = YES_ERROR;
				CLANG_WARN_QUOTED_INCLUDE_IN_FRAMEWORK_HEADER = YES;
				CLANG_WARN_RANGE_LOOP_ANALYSIS = YES;
				CLANG_WARN_STRICT_PROTOTYPES = YES;
				CLANG_WARN_SUSPICIOUS_MOVE = YES;
				CLANG_WARN_UNGUARDED_AVAILABILITY = YES_AGGRESSIVE;
				CLANG_WARN_UNREACHABLE_CODE = YES;
				CLANG_WARN__DUPLICATE_METHOD_MATCH = YES;
				COPY_PHASE_STRIP = NO;
				DEBUG_INFORMATION_FORMAT = dwarf;
				ENABLE_STRICT_OBJC_MSGSEND = YES;
				ENABLE_TESTABILITY = YES;
				GCC_C_LANGUAGE_STANDARD = gnu11;
				GCC_DYNAMIC_NO_PIC = NO;
				GCC_NO_COMMON_BLOCKS = YES;
				GCC_OPTIMIZATION_LEVEL = 0;
				GCC_PREPROCESSOR_DEFINITIONS = (
					"DEBUG=1",
					"$(inherited)",
				);
				GCC_WARN_64_TO_32_BIT_CONVERSION = YES;
				GCC_WARN_ABOUT_RETURN_TYPE = YES_ERROR;
				GCC_WARN_UNDECLARED_SELECTOR = YES;
				GCC_WARN_UNINITIALIZED_AUTOS = YES_AGGRESSIVE;
				GCC_WARN_UNUSED_FUNCTION = YES;
				GCC_WARN_UNUSED_VARIABLE = YES;
				IPHONEOS_DEPLOYMENT_TARGET = 14.5;
				MTL_ENABLE_DEBUG_INFO = INCLUDE_SOURCE;
				MTL_FAST_MATH = YES;
				ONLY_ACTIVE_ARCH = YES;
				SDKROOT = iphoneos;
				SWIFT_ACTIVE_COMPILATION_CONDITIONS = DEBUG;
				SWIFT_OPTIMIZATION_LEVEL = "-Onone";
			};
			name = Debug;
		};
		31611A1126DF10FA0007DDA9 /* Release */ = {
			isa = XCBuildConfiguration;
			buildSettings = {
				ALWAYS_SEARCH_USER_PATHS = NO;
				CLANG_ANALYZER_NONNULL = YES;
				CLANG_ANALYZER_NUMBER_OBJECT_CONVERSION = YES_AGGRESSIVE;
				CLANG_CXX_LANGUAGE_STANDARD = "gnu++14";
				CLANG_CXX_LIBRARY = "libc++";
				CLANG_ENABLE_MODULES = YES;
				CLANG_ENABLE_OBJC_ARC = YES;
				CLANG_ENABLE_OBJC_WEAK = YES;
				CLANG_WARN_BLOCK_CAPTURE_AUTORELEASING = YES;
				CLANG_WARN_BOOL_CONVERSION = YES;
				CLANG_WARN_COMMA = YES;
				CLANG_WARN_CONSTANT_CONVERSION = YES;
				CLANG_WARN_DEPRECATED_OBJC_IMPLEMENTATIONS = YES;
				CLANG_WARN_DIRECT_OBJC_ISA_USAGE = YES_ERROR;
				CLANG_WARN_DOCUMENTATION_COMMENTS = YES;
				CLANG_WARN_EMPTY_BODY = YES;
				CLANG_WARN_ENUM_CONVERSION = YES;
				CLANG_WARN_INFINITE_RECURSION = YES;
				CLANG_WARN_INT_CONVERSION = YES;
				CLANG_WARN_NON_LITERAL_NULL_CONVERSION = YES;
				CLANG_WARN_OBJC_IMPLICIT_RETAIN_SELF = YES;
				CLANG_WARN_OBJC_LITERAL_CONVERSION = YES;
				CLANG_WARN_OBJC_ROOT_CLASS = YES_ERROR;
				CLANG_WARN_QUOTED_INCLUDE_IN_FRAMEWORK_HEADER = YES;
				CLANG_WARN_RANGE_LOOP_ANALYSIS = YES;
				CLANG_WARN_STRICT_PROTOTYPES = YES;
				CLANG_WARN_SUSPICIOUS_MOVE = YES;
				CLANG_WARN_UNGUARDED_AVAILABILITY = YES_AGGRESSIVE;
				CLANG_WARN_UNREACHABLE_CODE = YES;
				CLANG_WARN__DUPLICATE_METHOD_MATCH = YES;
				COPY_PHASE_STRIP = NO;
				DEBUG_INFORMATION_FORMAT = "dwarf-with-dsym";
				ENABLE_NS_ASSERTIONS = NO;
				ENABLE_STRICT_OBJC_MSGSEND = YES;
				GCC_C_LANGUAGE_STANDARD = gnu11;
				GCC_NO_COMMON_BLOCKS = YES;
				GCC_WARN_64_TO_32_BIT_CONVERSION = YES;
				GCC_WARN_ABOUT_RETURN_TYPE = YES_ERROR;
				GCC_WARN_UNDECLARED_SELECTOR = YES;
				GCC_WARN_UNINITIALIZED_AUTOS = YES_AGGRESSIVE;
				GCC_WARN_UNUSED_FUNCTION = YES;
				GCC_WARN_UNUSED_VARIABLE = YES;
				IPHONEOS_DEPLOYMENT_TARGET = 14.5;
				MTL_ENABLE_DEBUG_INFO = NO;
				MTL_FAST_MATH = YES;
				SDKROOT = iphoneos;
				SWIFT_COMPILATION_MODE = wholemodule;
				SWIFT_OPTIMIZATION_LEVEL = "-O";
				VALIDATE_PRODUCT = YES;
			};
			name = Release;
		};
		31611A1326DF10FA0007DDA9 /* Debug */ = {
			isa = XCBuildConfiguration;
			baseConfigurationReference = C6C751733019D7533758611F /* Pods-GeneralDemo.debug.xcconfig */;
			buildSettings = {
				ASSETCATALOG_COMPILER_APPICON_NAME = AppIcon;
				ASSETCATALOG_COMPILER_GLOBAL_ACCENT_COLOR_NAME = AccentColor;
				CODE_SIGN_STYLE = Automatic;
				DEVELOPMENT_TEAM = 3KEYDZ3XT4;
				INFOPLIST_FILE = GeneralDemo/Info.plist;
				LD_RUNPATH_SEARCH_PATHS = (
					"$(inherited)",
					"@executable_path/Frameworks",
				);
				PRODUCT_BUNDLE_IDENTIFIER = limao.GeneralDemo;
				PRODUCT_NAME = "$(TARGET_NAME)";
				SWIFT_VERSION = 5.0;
				TARGETED_DEVICE_FAMILY = "1,2";
			};
			name = Debug;
		};
		31611A1426DF10FA0007DDA9 /* Release */ = {
			isa = XCBuildConfiguration;
			baseConfigurationReference = 49B7FFEDF40F2E7608DEAAAD /* Pods-GeneralDemo.release.xcconfig */;
			buildSettings = {
				ASSETCATALOG_COMPILER_APPICON_NAME = AppIcon;
				ASSETCATALOG_COMPILER_GLOBAL_ACCENT_COLOR_NAME = AccentColor;
				CODE_SIGN_STYLE = Automatic;
				DEVELOPMENT_TEAM = 3KEYDZ3XT4;
				INFOPLIST_FILE = GeneralDemo/Info.plist;
				LD_RUNPATH_SEARCH_PATHS = (
					"$(inherited)",
					"@executable_path/Frameworks",
				);
				PRODUCT_BUNDLE_IDENTIFIER = limao.GeneralDemo;
				PRODUCT_NAME = "$(TARGET_NAME)";
				SWIFT_VERSION = 5.0;
				TARGETED_DEVICE_FAMILY = "1,2";
			};
			name = Release;
		};
/* End XCBuildConfiguration section */

/* Begin XCConfigurationList section */
		316119F926DF10F80007DDA9 /* Build configuration list for PBXProject "GeneralDemo" */ = {
			isa = XCConfigurationList;
			buildConfigurations = (
				31611A1026DF10FA0007DDA9 /* Debug */,
				31611A1126DF10FA0007DDA9 /* Release */,
			);
			defaultConfigurationIsVisible = 0;
			defaultConfigurationName = Release;
		};
		31611A1226DF10FA0007DDA9 /* Build configuration list for PBXNativeTarget "GeneralDemo" */ = {
			isa = XCConfigurationList;
			buildConfigurations = (
				31611A1326DF10FA0007DDA9 /* Debug */,
				31611A1426DF10FA0007DDA9 /* Release */,
			);
			defaultConfigurationIsVisible = 0;
			defaultConfigurationName = Release;
		};
/* End XCConfigurationList section */
	};
	rootObject = 316119F626DF10F80007DDA9 /* Project object */;
}
